FORGE
  remote: https://forgeapi.puppetlabs.com
  specs:
    dwerder-graphite (5.14.0)
      puppetlabs-stdlib (>= 3.2.0)
    garethr-golang (0.1.1)
      puppetlabs-apt (>= 1.1.0)
      puppetlabs-stdlib (>= 3.2.0)
    garethr-rustlang (0.0.1)
      puppetlabs-apt (>= 1.1.0)
      puppetlabs-stdlib (>= 3.2.0)
    puppet-collectd (4.1.2)
      puppetlabs-concat (>= 1.0.4)
      puppetlabs-stdlib (>= 3.2.0)
    puppetlabs-apache (1.6.0)
      puppetlabs-concat (< 2.0.0, >= 1.1.1)
      puppetlabs-stdlib (< 5.0.0, >= 2.4.0)
    puppetlabs-apt (1.8.0)
      puppetlabs-stdlib (>= 2.2.1)
    puppetlabs-concat (1.2.4)
      puppetlabs-stdlib (< 5.0.0, >= 3.2.0)
    puppetlabs-git (0.4.0)
      puppetlabs-stdlib (>= 3.2.0)
    puppetlabs-nodejs (0.8.0)
      puppetlabs-stdlib (< 5.0.0, >= 2.2.1)
    puppetlabs-ntp (4.1.0)
      puppetlabs-stdlib (< 5.0.0, >= 4.6.0)
    puppetlabs-postgresql (4.5.0)
      puppetlabs-apt (< 3.0.0, >= 1.8.0)
      puppetlabs-concat (< 2.0.0, >= 1.1.0)
      puppetlabs-stdlib (~> 4.0)
    puppetlabs-ruby (0.4.0)
      puppetlabs-stdlib (< 5.0.0, >= 3.2.0)
    puppetlabs-stdlib (4.8.0)
    puppetlabs-vcsrepo (1.3.1)
    saz-ssh (2.8.1)
      puppetlabs-concat (>= 1.0.0)
      puppetlabs-stdlib (>= 2.2.1)

GIT
  remote: git://github.com/iszak/puppet-account.git
  ref: master
  sha: 67fcc9ea6b2ba109da51912e145951c98857aa77
  specs:
    iszak-account (0.0.1)
      puppetlabs-git (< 1.0.0, >= 0.3.0)
      puppetlabs-stdlib (< 5.0.0, >= 4.0.0)
      puppetlabs-vcsrepo (< 2.0.0, >= 1.3.0)

GIT
  remote: git://github.com/iszak/puppet-profile.git
  ref: master
  sha: 60e0f1b507df85c11493ca482a352e0af824a72f
  specs:
    iszak-profile (0.0.1)
      dwerder-graphite (< 6.0.0, >= 5.0.0)
      garethr-golang (< 1.0.0, >= 0.0.0)
      garethr-rustlang (< 1.0.0, >= 0.0.0)
      puppet-collectd (< 5.0.0, >= 4.0.0)
      puppetlabs-apache (< 2.0.0, >= 1.0.0)
      puppetlabs-apt (< 2.0.0, >= 1.0.0)
      puppetlabs-concat (< 2.0.0, >= 1.0.0)
      puppetlabs-git (< 1.0.0, >= 0.0.0)
      puppetlabs-nodejs (< 1.0.0, >= 0.8.0)
      puppetlabs-ntp (< 5.0.0, >= 4.0.0)
      puppetlabs-postgresql (< 5.0.0, >= 4.0.0)
      puppetlabs-ruby (< 1.0.0, >= 0.0.0)
      puppetlabs-stdlib (< 5.0.0, >= 4.0.0)
      saz-ssh (< 3.0.0, >= 2.0.0)

GIT
  remote: git://github.com/iszak/puppet-project.git
  ref: master
  sha: c066997a75ab02a52e4c11f72d084f6bc88f7879
  specs:
    iszak-project (0.0.1)
      puppetlabs-apache (< 2.0.0, >= 1.4.0)
      puppetlabs-stdlib (< 5.0.0, >= 4.0.0)
      puppetlabs-vcsrepo (< 2.0.0, >= 1.3.0)

GIT
  remote: git://github.com/iszak/puppet-role.git
  ref: master
  sha: 98131ec15f5324235c31b9e85c730627dce75858
  specs:
    iszak-role (0.0.1)
      puppetlabs-stdlib (< 5.0.0, >= 4.0.0)

DEPENDENCIES
  iszak-account (>= 0)
  iszak-profile (>= 0)
  iszak-project (>= 0)
  iszak-role (>= 0)

