FORGE
  remote: https://forgeapi.puppetlabs.com
  specs:
    garethr-golang (0.1.1)
      puppetlabs-apt (>= 1.1.0)
      puppetlabs-stdlib (>= 3.2.0)
    garethr-rustlang (0.0.1)
      puppetlabs-apt (>= 1.1.0)
      puppetlabs-stdlib (>= 3.2.0)
    puppetlabs-apache (1.5.0)
      puppetlabs-concat (< 2.0.0, >= 1.1.1)
      puppetlabs-stdlib (< 5.0.0, >= 2.4.0)
    puppetlabs-apt (1.8.0)
      puppetlabs-stdlib (>= 2.2.1)
    puppetlabs-concat (1.2.4)
      puppetlabs-stdlib (< 5.0.0, >= 3.2.0)
    puppetlabs-git (0.4.0)
      puppetlabs-stdlib (>= 3.2.0)
    puppetlabs-nodejs (0.8.0)
      puppetlabs-stdlib (< 5.0.0, >= 2.2.1)
    puppetlabs-ntp (4.1.0)
      puppetlabs-stdlib (< 5.0.0, >= 4.6.0)
    puppetlabs-postgresql (4.5.0)
      puppetlabs-apt (< 3.0.0, >= 1.8.0)
      puppetlabs-concat (< 2.0.0, >= 1.1.0)
      puppetlabs-stdlib (~> 4.0)
    puppetlabs-ruby (0.4.0)
      puppetlabs-stdlib (< 5.0.0, >= 3.2.0)
    puppetlabs-stdlib (4.7.0)
    puppetlabs-vcsrepo (1.3.1)
    saz-ssh (2.8.1)
      puppetlabs-concat (>= 1.0.0)
      puppetlabs-stdlib (>= 2.2.1)

GIT
  remote: git://github.com/iszak/puppet-account.git
  ref: master
  sha: 9f6ce80f2a6b528d8841f1c25eb77f3a9ec4b0ab
  specs:
    iszak-account (0.0.1)
      puppetlabs-git (< 1.0.0, >= 0.3.0)
      puppetlabs-stdlib (< 5.0.0, >= 4.0.0)
      puppetlabs-vcsrepo (< 2.0.0, >= 1.3.0)

GIT
  remote: git://github.com/iszak/puppet-profile.git
  ref: master
  sha: 5069f02eb1fdf323c0c903bb3b4f6bfc005197e7
  specs:
    iszak-profile (0.0.1)
      puppetlabs-apache (< 2.0.0, >= 1.0.0)
      puppetlabs-apt (< 2.0.0, >= 1.0.0)
      puppetlabs-git (< 1.0.0, >= 0.0.0)
      puppetlabs-nodejs (< 1.0.0, >= 0.8.0)
      puppetlabs-postgresql (< 5.0.0, >= 4.0.0)
      saz-ssh (< 3.0.0, >= 2.0.0)

GIT
  remote: git://github.com/iszak/puppet-project.git
  ref: master
  sha: 6eee03c7d87ba006a1bf2b3035d9acaca147e815
  specs:
    iszak-project (0.0.1)
      puppetlabs-apache (< 2.0.0, >= 1.4.0)
      puppetlabs-stdlib (< 5.0.0, >= 4.0.0)
      puppetlabs-vcsrepo (< 2.0.0, >= 1.3.0)

GIT
  remote: git://github.com/iszak/puppet-role.git
  ref: master
  sha: 0ed6f4d67210dbd9b33545991c1af4667c8e13e7
  specs:
    iszak-role (0.0.1)
      puppetlabs-stdlib (< 5.0.0, >= 4.0.0)

DEPENDENCIES
  garethr-golang (~> 0.1.1)
  garethr-rustlang (~> 0.0.1)
  iszak-account (>= 0)
  iszak-profile (>= 0)
  iszak-project (>= 0)
  iszak-role (>= 0)
  puppetlabs-apache (~> 1.5.0)
  puppetlabs-apt (~> 1.8.0)
  puppetlabs-concat (~> 1.2.4)
  puppetlabs-git (~> 0.4.0)
  puppetlabs-nodejs (~> 0.8.0)
  puppetlabs-ntp (~> 4.1.0)
  puppetlabs-postgresql (~> 4.5.0)
  puppetlabs-ruby (~> 0.4.0)
  puppetlabs-stdlib (~> 4.7.0)
  puppetlabs-vcsrepo (~> 1.3.1)
  saz-ssh (~> 2.8.1)

